// !$*UTF8*$!
{
	archiveVersion = 1;
	classes = {
	};
	objectVersion = 46;
	objects = {

/* Begin PBXBuildFile section */
		C7FA828F1B680D6800803A7B /* AppDelegate.swift in Sources */ = {isa = PBXBuildFile; fileRef = C7FA828E1B680D6800803A7B /* AppDelegate.swift */; };
		C7FA82961B680D6800803A7B /* Images.xcassets in Resources */ = {isa = PBXBuildFile; fileRef = C7FA82951B680D6800803A7B /* Images.xcassets */; };
		C7FA82991B680D6900803A7B /* LaunchScreen.xib in Resources */ = {isa = PBXBuildFile; fileRef = C7FA82971B680D6900803A7B /* LaunchScreen.xib */; };
		C7FA82A51B680D6900803A7B /* SwiftTuneSearchTests.swift in Sources */ = {isa = PBXBuildFile; fileRef = C7FA82A41B680D6900803A7B /* SwiftTuneSearchTests.swift */; };
		C7FA82B11B680D8800803A7B /* Reachability.m in Sources */ = {isa = PBXBuildFile; fileRef = C7FA82B01B680D8800803A7B /* Reachability.m */; };
		C7FA82B31B680DA600803A7B /* TuneSearch.swift in Sources */ = {isa = PBXBuildFile; fileRef = C7FA82B21B680DA600803A7B /* TuneSearch.swift */; };
		C7FA82B51B680DC000803A7B /* TuneCollectionViewCell.swift in Sources */ = {isa = PBXBuildFile; fileRef = C7FA82B41B680DC000803A7B /* TuneCollectionViewCell.swift */; };
		C7FA82B71B680DF100803A7B /* ViewController.swift in Sources */ = {isa = PBXBuildFile; fileRef = C7FA82B61B680DF100803A7B /* ViewController.swift */; };
		C7FA82B91B680E1800803A7B /* Main.storyboard in Resources */ = {isa = PBXBuildFile; fileRef = C7FA82B81B680E1800803A7B /* Main.storyboard */; };
/* End PBXBuildFile section */

/* Begin PBXContainerItemProxy section */
		C7FA829F1B680D6900803A7B /* PBXContainerItemProxy */ = {
			isa = PBXContainerItemProxy;
			containerPortal = C7FA82811B680D6800803A7B /* Project object */;
			proxyType = 1;
			remoteGlobalIDString = C7FA82881B680D6800803A7B;
			remoteInfo = SwiftTuneSearch;
		};
/* End PBXContainerItemProxy section */

/* Begin PBXFileReference section */
		C7FA82891B680D6800803A7B /* SwiftTuneSearch.app */ = {isa = PBXFileReference; explicitFileType = wrapper.application; includeInIndex = 0; path = SwiftTuneSearch.app; sourceTree = BUILT_PRODUCTS_DIR; };
		C7FA828D1B680D6800803A7B /* Info.plist */ = {isa = PBXFileReference; lastKnownFileType = text.plist.xml; path = Info.plist; sourceTree = "<group>"; };
		C7FA828E1B680D6800803A7B /* AppDelegate.swift */ = {isa = PBXFileReference; lastKnownFileType = sourcecode.swift; path = AppDelegate.swift; sourceTree = "<group>"; };
		C7FA82951B680D6800803A7B /* Images.xcassets */ = {isa = PBXFileReference; lastKnownFileType = folder.assetcatalog; path = Images.xcassets; sourceTree = "<group>"; };
		C7FA82981B680D6900803A7B /* Base */ = {isa = PBXFileReference; lastKnownFileType = file.xib; name = Base; path = Base.lproj/LaunchScreen.xib; sourceTree = "<group>"; };
		C7FA829E1B680D6900803A7B /* SwiftTuneSearchTests.xctest */ = {isa = PBXFileReference; explicitFileType = wrapper.cfbundle; includeInIndex = 0; path = SwiftTuneSearchTests.xctest; sourceTree = BUILT_PRODUCTS_DIR; };
		C7FA82A31B680D6900803A7B /* Info.plist */ = {isa = PBXFileReference; lastKnownFileType = text.plist.xml; path = Info.plist; sourceTree = "<group>"; };
		C7FA82A41B680D6900803A7B /* SwiftTuneSearchTests.swift */ = {isa = PBXFileReference; lastKnownFileType = sourcecode.swift; path = SwiftTuneSearchTests.swift; sourceTree = "<group>"; };
		C7FA82AE1B680D8700803A7B /* SwiftTuneSearch-Bridging-Header.h */ = {isa = PBXFileReference; lastKnownFileType = sourcecode.c.h; path = "SwiftTuneSearch-Bridging-Header.h"; sourceTree = "<group>"; };
		C7FA82AF1B680D8800803A7B /* Reachability.h */ = {isa = PBXFileReference; fileEncoding = 4; lastKnownFileType = sourcecode.c.h; path = Reachability.h; sourceTree = "<group>"; };
		C7FA82B01B680D8800803A7B /* Reachability.m */ = {isa = PBXFileReference; fileEncoding = 4; lastKnownFileType = sourcecode.c.objc; path = Reachability.m; sourceTree = "<group>"; };
		C7FA82B21B680DA600803A7B /* TuneSearch.swift */ = {isa = PBXFileReference; fileEncoding = 4; lastKnownFileType = sourcecode.swift; name = TuneSearch.swift; path = ../TuneSearch.swift; sourceTree = "<group>"; };
		C7FA82B41B680DC000803A7B /* TuneCollectionViewCell.swift */ = {isa = PBXFileReference; fileEncoding = 4; lastKnownFileType = sourcecode.swift; name = TuneCollectionViewCell.swift; path = ../TuneCollectionViewCell.swift; sourceTree = "<group>"; };
		C7FA82B61B680DF100803A7B /* ViewController.swift */ = {isa = PBXFileReference; fileEncoding = 4; lastKnownFileType = sourcecode.swift; name = ViewController.swift; path = ../ViewController.swift; sourceTree = "<group>"; };
		C7FA82B81B680E1800803A7B /* Main.storyboard */ = {isa = PBXFileReference; fileEncoding = 4; lastKnownFileType = file.storyboard; path = Main.storyboard; sourceTree = "<group>"; };
/* End PBXFileReference section */

/* Begin PBXFrameworksBuildPhase section */
		C7FA82861B680D6800803A7B /* Frameworks */ = {
			isa = PBXFrameworksBuildPhase;
			buildActionMask = 2147483647;
			files = (
			);
			runOnlyForDeploymentPostprocessing = 0;
		};
		C7FA829B1B680D6900803A7B /* Frameworks */ = {
			isa = PBXFrameworksBuildPhase;
			buildActionMask = 2147483647;
			files = (
			);
			runOnlyForDeploymentPostprocessing = 0;
		};
/* End PBXFrameworksBuildPhase section */

/* Begin PBXGroup section */
		C7FA82801B680D6800803A7B = {
			isa = PBXGroup;
			children = (
				C7FA828B1B680D6800803A7B /* SwiftTuneSearch */,
				C7FA82A11B680D6900803A7B /* SwiftTuneSearchTests */,
				C7FA828A1B680D6800803A7B /* Products */,
			);
			sourceTree = "<group>";
		};
		C7FA828A1B680D6800803A7B /* Products */ = {
			isa = PBXGroup;
			children = (
				C7FA82891B680D6800803A7B /* SwiftTuneSearch.app */,
				C7FA829E1B680D6900803A7B /* SwiftTuneSearchTests.xctest */,
			);
			name = Products;
			sourceTree = "<group>";
		};
		C7FA828B1B680D6800803A7B /* SwiftTuneSearch */ = {
			isa = PBXGroup;
			children = (
				C7FA828E1B680D6800803A7B /* AppDelegate.swift */,
				C7FA82B61B680DF100803A7B /* ViewController.swift */,
				C7FA82B21B680DA600803A7B /* TuneSearch.swift */,
				C7FA82B41B680DC000803A7B /* TuneCollectionViewCell.swift */,
				C7FA82AF1B680D8800803A7B /* Reachability.h */,
				C7FA82B01B680D8800803A7B /* Reachability.m */,
				C7FA82B81B680E1800803A7B /* Main.storyboard */,
				C7FA82951B680D6800803A7B /* Images.xcassets */,
				C7FA82971B680D6900803A7B /* LaunchScreen.xib */,
				C7FA828C1B680D6800803A7B /* Supporting Files */,
				C7FA82AE1B680D8700803A7B /* SwiftTuneSearch-Bridging-Header.h */,
			);
			path = SwiftTuneSearch;
			sourceTree = "<group>";
		};
		C7FA828C1B680D6800803A7B /* Supporting Files */ = {
			isa = PBXGroup;
			children = (
				C7FA828D1B680D6800803A7B /* Info.plist */,
			);
			name = "Supporting Files";
			sourceTree = "<group>";
		};
		C7FA82A11B680D6900803A7B /* SwiftTuneSearchTests */ = {
			isa = PBXGroup;
			children = (
				C7FA82A41B680D6900803A7B /* SwiftTuneSearchTests.swift */,
				C7FA82A21B680D6900803A7B /* Supporting Files */,
			);
			path = SwiftTuneSearchTests;
			sourceTree = "<group>";
		};
		C7FA82A21B680D6900803A7B /* Supporting Files */ = {
			isa = PBXGroup;
			children = (
				C7FA82A31B680D6900803A7B /* Info.plist */,
			);
			name = "Supporting Files";
			sourceTree = "<group>";
		};
/* End PBXGroup section */

/* Begin PBXNativeTarget section */
		C7FA82881B680D6800803A7B /* SwiftTuneSearch */ = {
			isa = PBXNativeTarget;
			buildConfigurationList = C7FA82A81B680D6900803A7B /* Build configuration list for PBXNativeTarget "SwiftTuneSearch" */;
			buildPhases = (
				C7FA82851B680D6800803A7B /* Sources */,
				C7FA82861B680D6800803A7B /* Frameworks */,
				C7FA82871B680D6800803A7B /* Resources */,
			);
			buildRules = (
			);
			dependencies = (
			);
			name = SwiftTuneSearch;
			productName = SwiftTuneSearch;
			productReference = C7FA82891B680D6800803A7B /* SwiftTuneSearch.app */;
			productType = "com.apple.product-type.application";
		};
		C7FA829D1B680D6900803A7B /* SwiftTuneSearchTests */ = {
			isa = PBXNativeTarget;
			buildConfigurationList = C7FA82AB1B680D6900803A7B /* Build configuration list for PBXNativeTarget "SwiftTuneSearchTests" */;
			buildPhases = (
				C7FA829A1B680D6900803A7B /* Sources */,
				C7FA829B1B680D6900803A7B /* Frameworks */,
				C7FA829C1B680D6900803A7B /* Resources */,
			);
			buildRules = (
			);
			dependencies = (
				C7FA82A01B680D6900803A7B /* PBXTargetDependency */,
			);
			name = SwiftTuneSearchTests;
			productName = SwiftTuneSearchTests;
			productReference = C7FA829E1B680D6900803A7B /* SwiftTuneSearchTests.xctest */;
			productType = "com.apple.product-type.bundle.unit-test";
		};
/* End PBXNativeTarget section */

/* Begin PBXProject section */
		C7FA82811B680D6800803A7B /* Project object */ = {
			isa = PBXProject;
			attributes = {
				LastUpgradeCheck = 0630;
				ORGANIZATIONNAME = EverProductions;
				TargetAttributes = {
					C7FA82881B680D6800803A7B = {
						CreatedOnToolsVersion = 6.3.2;
					};
					C7FA829D1B680D6900803A7B = {
						CreatedOnToolsVersion = 6.3.2;
						TestTargetID = C7FA82881B680D6800803A7B;
					};
				};
			};
			buildConfigurationList = C7FA82841B680D6800803A7B /* Build configuration list for PBXProject "SwiftTuneSearch" */;
			compatibilityVersion = "Xcode 3.2";
			developmentRegion = English;
			hasScannedForEncodings = 0;
			knownRegions = (
				en,
				Base,
			);
			mainGroup = C7FA82801B680D6800803A7B;
			productRefGroup = C7FA828A1B680D6800803A7B /* Products */;
			projectDirPath = "";
			projectRoot = "";
			targets = (
				C7FA82881B680D6800803A7B /* SwiftTuneSearch */,
				C7FA829D1B680D6900803A7B /* SwiftTuneSearchTests */,
			);
		};
/* End PBXProject section */

/* Begin PBXResourcesBuildPhase section */
		C7FA82871B680D6800803A7B /* Resources */ = {
			isa = PBXResourcesBuildPhase;
			buildActionMask = 2147483647;
			files = (
				C7FA82B91B680E1800803A7B /* Main.storyboard in Resources */,
				C7FA82991B680D6900803A7B /* LaunchScreen.xib in Resources */,
				C7FA82961B680D6800803A7B /* Images.xcassets in Resources */,
			);
			runOnlyForDeploymentPostprocessing = 0;
		};
		C7FA829C1B680D6900803A7B /* Resources */ = {
			isa = PBXResourcesBuildPhase;
			buildActionMask = 2147483647;
			files = (
			);
			runOnlyForDeploymentPostprocessing = 0;
		};
/* End PBXResourcesBuildPhase section */

/* Begin PBXSourcesBuildPhase section */
		C7FA82851B680D6800803A7B /* Sources */ = {
			isa = PBXSourcesBuildPhase;
			buildActionMask = 2147483647;
			files = (
				C7FA82B71B680DF100803A7B /* ViewController.swift in Sources */,
				C7FA82B31B680DA600803A7B /* TuneSearch.swift in Sources */,
				C7FA82B11B680D8800803A7B /* Reachability.m in Sources */,
				C7FA82B51B680DC000803A7B /* TuneCollectionViewCell.swift in Sources */,
				C7FA828F1B680D6800803A7B /* AppDelegate.swift in Sources */,
			);
			runOnlyForDeploymentPostprocessing = 0;
		};
		C7FA829A1B680D6900803A7B /* Sources */ = {
			isa = PBXSourcesBuildPhase;
			buildActionMask = 2147483647;
			files = (
				C7FA82A51B680D6900803A7B /* SwiftTuneSearchTests.swift in Sources */,
			);
			runOnlyForDeploymentPostprocessing = 0;
		};
/* End PBXSourcesBuildPhase section */

/* Begin PBXTargetDependency section */
		C7FA82A01B680D6900803A7B /* PBXTargetDependency */ = {
			isa = PBXTargetDependency;
			target = C7FA82881B680D6800803A7B /* SwiftTuneSearch */;
			targetProxy = C7FA829F1B680D6900803A7B /* PBXContainerItemProxy */;
		};
/* End PBXTargetDependency section */

/* Begin PBXVariantGroup section */
		C7FA82971B680D6900803A7B /* LaunchScreen.xib */ = {
			isa = PBXVariantGroup;
			children = (
				C7FA82981B680D6900803A7B /* Base */,
			);
			name = LaunchScreen.xib;
			sourceTree = "<group>";
		};
/* End PBXVariantGroup section */

/* Begin XCBuildConfiguration section */
		C7FA82A61B680D6900803A7B /* Debug */ = {
			isa = XCBuildConfiguration;
			buildSettings = {
				ALWAYS_SEARCH_USER_PATHS = NO;
				CLANG_CXX_LANGUAGE_STANDARD = "gnu++0x";
				CLANG_CXX_LIBRARY = "libc++";
				CLANG_ENABLE_MODULES = YES;
				CLANG_ENABLE_OBJC_ARC = YES;
				CLANG_WARN_BOOL_CONVERSION = YES;
				CLANG_WARN_CONSTANT_CONVERSION = YES;
				CLANG_WARN_DIRECT_OBJC_ISA_USAGE = YES_ERROR;
				CLANG_WARN_EMPTY_BODY = YES;
				CLANG_WARN_ENUM_CONVERSION = YES;
				CLANG_WARN_INT_CONVERSION = YES;
				CLANG_WARN_OBJC_ROOT_CLASS = YES_ERROR;
				CLANG_WARN_UNREACHABLE_CODE = YES;
				CLANG_WARN__DUPLICATE_METHOD_MATCH = YES;
				"CODE_SIGN_IDENTITY[sdk=iphoneos*]" = "iPhone Developer";
				COPY_PHASE_STRIP = NO;
				DEBUG_INFORMATION_FORMAT = "dwarf-with-dsym";
				ENABLE_STRICT_OBJC_MSGSEND = YES;
				GCC_C_LANGUAGE_STANDARD = gnu99;
				GCC_DYNAMIC_NO_PIC = NO;
				GCC_NO_COMMON_BLOCKS = YES;
				GCC_OPTIMIZATION_LEVEL = 0;
				GCC_PREPROCESSOR_DEFINITIONS = (
					"DEBUG=1",
					"$(inherited)",
				);
				GCC_SYMBOLS_PRIVATE_EXTERN = NO;
				GCC_WARN_64_TO_32_BIT_CONVERSION = YES;
				GCC_WARN_ABOUT_RETURN_TYPE = YES_ERROR;
				GCC_WARN_UNDECLARED_SELECTOR = YES;
				GCC_WARN_UNINITIALIZED_AUTOS = YES_AGGRESSIVE;
				GCC_WARN_UNUSED_FUNCTION = YES;
				GCC_WARN_UNUSED_VARIABLE = YES;
				IPHONEOS_DEPLOYMENT_TARGET = 8.3;
				MTL_ENABLE_DEBUG_INFO = YES;
				ONLY_ACTIVE_ARCH = YES;
				SDKROOT = iphoneos;
				SWIFT_OPTIMIZATION_LEVEL = "-Onone";
			};
			name = Debug;
		};
		C7FA82A71B680D6900803A7B /* Release */ = {
			isa = XCBuildConfiguration;
			buildSettings = {
				ALWAYS_SEARCH_USER_PATHS = NO;
				CLANG_CXX_LANGUAGE_STANDARD = "gnu++0x";
				CLANG_CXX_LIBRARY = "libc++";
				CLANG_ENABLE_MODULES = YES;
				CLANG_ENABLE_OBJC_ARC = YES;
				CLANG_WARN_BOOL_CONVERSION = YES;
				CLANG_WARN_CONSTANT_CONVERSION = YES;
				CLANG_WARN_DIRECT_OBJC_ISA_USAGE = YES_ERROR;
				CLANG_WARN_EMPTY_BODY = YES;
				CLANG_WARN_ENUM_CONVERSION = YES;
				CLANG_WARN_INT_CONVERSION = YES;
				CLANG_WARN_OBJC_ROOT_CLASS = YES_ERROR;
				CLANG_WARN_UNREACHABLE_CODE = YES;
				CLANG_WARN__DUPLICATE_METHOD_MATCH = YES;
				"CODE_SIGN_IDENTITY[sdk=iphoneos*]" = "iPhone Developer";
				COPY_PHASE_STRIP = NO;
				DEBUG_INFORMATION_FORMAT = "dwarf-with-dsym";
				ENABLE_NS_ASSERTIONS = NO;
				ENABLE_STRICT_OBJC_MSGSEND = YES;
				GCC_C_LANGUAGE_STANDARD = gnu99;
				GCC_NO_COMMON_BLOCKS = YES;
				GCC_WARN_64_TO_32_BIT_CONVERSION = YES;
				GCC_WARN_ABOUT_RETURN_TYPE = YES_ERROR;
				GCC_WARN_UNDECLARED_SELECTOR = YES;
				GCC_WARN_UNINITIALIZED_AUTOS = YES_AGGRESSIVE;
				GCC_WARN_UNUSED_FUNCTION = YES;
				GCC_WARN_UNUSED_VARIABLE = YES;
				IPHONEOS_DEPLOYMENT_TARGET = 8.3;
				MTL_ENABLE_DEBUG_INFO = NO;
				SDKROOT = iphoneos;
				VALIDATE_PRODUCT = YES;
			};
			name = Release;
		};
		C7FA82A91B680D6900803A7B /* Debug */ = {
			isa = XCBuildConfiguration;
			buildSettings = {
				ASSETCATALOG_COMPILER_APPICON_NAME = AppIcon;
				CLANG_ENABLE_MODULES = YES;
				INFOPLIST_FILE = SwiftTuneSearch/Info.plist;
				LD_RUNPATH_SEARCH_PATHS = "$(inherited) @executable_path/Frameworks";
				PRODUCT_NAME = "$(TARGET_NAME)";
				SWIFT_OBJC_BRIDGING_HEADER = "SwiftTuneSearch/SwiftTuneSearch-Bridging-Header.h";
				SWIFT_OPTIMIZATION_LEVEL = "-Onone";
			};
			name = Debug;
		};
		C7FA82AA1B680D6900803A7B /* Release */ = {
			isa = XCBuildConfiguration;
			buildSettings = {
				ASSETCATALOG_COMPILER_APPICON_NAME = AppIcon;
				CLANG_ENABLE_MODULES = YES;
				INFOPLIST_FILE = SwiftTuneSearch/Info.plist;
				LD_RUNPATH_SEARCH_PATHS = "$(inherited) @executable_path/Frameworks";
				PRODUCT_NAME = "$(TARGET_NAME)";
				SWIFT_OBJC_BRIDGING_HEADER = "SwiftTuneSearch/SwiftTuneSearch-Bridging-Header.h";
			};
			name = Release;
		};
		C7FA82AC1B680D6900803A7B /* Debug */ = {
			isa = XCBuildConfiguration;
			buildSettings = {
				BUNDLE_LOADER = "$(TEST_HOST)";
				FRAMEWORK_SEARCH_PATHS = (
					"$(SDKROOT)/Developer/Library/Frameworks",
					"$(inherited)",
				);
				GCC_PREPROCESSOR_DEFINITIONS = (
					"DEBUG=1",
					"$(inherited)",
				);
				INFOPLIST_FILE = SwiftTuneSearchTests/Info.plist;
				LD_RUNPATH_SEARCH_PATHS = "$(inherited) @executable_path/Frameworks @loader_path/Frameworks";
				PRODUCT_NAME = "$(TARGET_NAME)";
				TEST_HOST = "$(BUILT_PRODUCTS_DIR)/SwiftTuneSearch.app/SwiftTuneSearch";
			};
			name = Debug;
		};
		C7FA82AD1B680D6900803A7B /* Release */ = {
			isa = XCBuildConfiguration;
			buildSettings = {
				BUNDLE_LOADER = "$(TEST_HOST)";
				FRAMEWORK_SEARCH_PATHS = (
					"$(SDKROOT)/Developer/Library/Frameworks",
					"$(inherited)",
				);
				INFOPLIST_FILE = SwiftTuneSearchTests/Info.plist;
				LD_RUNPATH_SEARCH_PATHS = "$(inherited) @executable_path/Frameworks @loader_path/Frameworks";
				PRODUCT_NAME = "$(TARGET_NAME)";
				TEST_HOST = "$(BUILT_PRODUCTS_DIR)/SwiftTuneSearch.app/SwiftTuneSearch";
			};
			name = Release;
		};
/* End XCBuildConfiguration section */

/* Begin XCConfigurationList section */
		C7FA82841B680D6800803A7B /* Build configuration list for PBXProject "SwiftTuneSearch" */ = {
			isa = XCConfigurationList;
			buildConfigurations = (
				C7FA82A61B680D6900803A7B /* Debug */,
				C7FA82A71B680D6900803A7B /* Release */,
			);
			defaultConfigurationIsVisible = 0;
			defaultConfigurationName = Release;
		};
		C7FA82A81B680D6900803A7B /* Build configuration list for PBXNativeTarget "SwiftTuneSearch" */ = {
			isa = XCConfigurationList;
			buildConfigurations = (
				C7FA82A91B680D6900803A7B /* Debug */,
				C7FA82AA1B680D6900803A7B /* Release */,
			);
			defaultConfigurationIsVisible = 0;
		};
		C7FA82AB1B680D6900803A7B /* Build configuration list for PBXNativeTarget "SwiftTuneSearchTests" */ = {
			isa = XCConfigurationList;
			buildConfigurations = (
				C7FA82AC1B680D6900803A7B /* Debug */,
				C7FA82AD1B680D6900803A7B /* Release */,
			);
			defaultConfigurationIsVisible = 0;
		};
/* End XCConfigurationList section */
	};
	rootObject = C7FA82811B680D6800803A7B /* Project object */;
}
